<?xml version="1.0" encoding="utf-8"?>
<Project ToolsVersion="4.0" xmlns="http://schemas.microsoft.com/developer/msbuild/2003">
  <ItemGroup>
    <Filter Include="资源文件">
      <UniqueIdentifier>{67DA6AB6-F800-4c08-8B7A-83BB121AAD01}</UniqueIdentifier>
      <Extensions>rc;ico;cur;bmp;dlg;rc2;rct;bin;rgs;gif;jpg;jpeg;jpe;resx;tiff;tif;png;wav;mfcribbon-ms</Extensions>
    </Filter>
    <Filter Include="源文件">
      <UniqueIdentifier>{4FC737F1-C7A5-4376-A066-2A32D752A2FF}</UniqueIdentifier>
      <Extensions>cpp;c;cc;cxx;def;odl;idl;hpj;bat;asm;asmx</Extensions>
    </Filter>
    <Filter Include="头文件">
      <UniqueIdentifier>{93995380-89BD-4b04-88EB-625FBE52EBFB}</UniqueIdentifier>
      <Extensions>h;hh;hpp;hxx;hm;inl;inc;ipp;xsd</Extensions>
    </Filter>
    <Filter Include="源文件\View">
      <UniqueIdentifier>{fce704dd-3341-4802-b2af-1225bac346eb}</UniqueIdentifier>
    </Filter>
    <Filter Include="头文件\Dao">
      <UniqueIdentifier>{b62ccb93-d63b-4d4c-ae1e-e70a02b3171a}</UniqueIdentifier>
    </Filter>
    <Filter Include="头文件\Entity">
      <UniqueIdentifier>{c9124c54-0f5f-4bf2-b0b8-cf5b139287e5}</UniqueIdentifier>
    </Filter>
    <Filter Include="头文件\Global">
      <UniqueIdentifier>{138e6938-6dd9-4f16-8d2e-ffeb80686f89}</UniqueIdentifier>
    </Filter>
    <Filter Include="头文件\Util">
      <UniqueIdentifier>{4368b079-9c69-4cd7-97fd-e01eff01363d}</UniqueIdentifier>
    </Filter>
    <Filter Include="头文件\Logic">
      <UniqueIdentifier>{c908c58e-e9dd-4b1a-914e-f682129b8ee9}</UniqueIdentifier>
    </Filter>
    <Filter Include="头文件\View">
      <UniqueIdentifier>{e52fea59-dd38-4e22-9c42-c3718f904c91}</UniqueIdentifier>
    </Filter>
    <Filter Include="源文件\Dao">
      <UniqueIdentifier>{dd688c07-91fc-418d-b225-91caf1b5801f}</UniqueIdentifier>
    </Filter>
    <Filter Include="源文件\Logic">
      <UniqueIdentifier>{b9d6d9af-08c3-474b-86f0-bb9e9b134226}</UniqueIdentifier>
    </Filter>
    <Filter Include="源文件\Global">
      <UniqueIdentifier>{92db8c71-bbfa-4e07-a49e-1a0b9b914b8a}</UniqueIdentifier>
    </Filter>
    <Filter Include="源文件\Entity">
      <UniqueIdentifier>{4da48da4-3c95-40eb-87b3-64364d7d51e8}</UniqueIdentifier>
    </Filter>
    <Filter Include="源文件\Util">
      <UniqueIdentifier>{6a61da51-5043-4d2f-88cf-4f464236666e}</UniqueIdentifier>
    </Filter>
  </ItemGroup>
  <ItemGroup>
    <ClInclude Include="framework.h">
      <Filter>头文件\View</Filter>
    </ClInclude>
    <ClInclude Include="MainFrm.h">
      <Filter>头文件\View</Filter>
    </ClInclude>
    <ClInclude Include="pch.h">
      <Filter>头文件\View</Filter>
    </ClInclude>
    <ClInclude Include="Resource.h">
      <Filter>头文件\View</Filter>
    </ClInclude>
    <ClInclude Include="RKDBMS.h">
      <Filter>头文件\View</Filter>
    </ClInclude>
    <ClInclude Include="RKDBMSView.h">
      <Filter>头文件\View</Filter>
    </ClInclude>
    <ClInclude Include="targetver.h">
      <Filter>头文件\View</Filter>
    </ClInclude>
    <ClInclude Include="ViewTree.h">
      <Filter>头文件\View</Filter>
    </ClInclude>
    <ClInclude Include="CDBEntity.h">
      <Filter>头文件\Entity</Filter>
    </ClInclude>
    <ClInclude Include="CFieldEntity.h">
      <Filter>头文件\Entity</Filter>
    </ClInclude>
    <ClInclude Include="CRecordEntity.h">
      <Filter>头文件\Entity</Filter>
    </ClInclude>
    <ClInclude Include="CTableEntity.h">
      <Filter>头文件\Entity</Filter>
    </ClInclude>
    <ClInclude Include="RKDBMSDoc.h">
      <Filter>头文件\Logic</Filter>
    </ClInclude>
    <ClInclude Include="DataType.h">
      <Filter>头文件\Util</Filter>
    </ClInclude>
    <ClInclude Include="CDBLogic.h">
      <Filter>头文件\Logic</Filter>
    </ClInclude>
    <ClInclude Include="CDBDao.h">
      <Filter>头文件\Dao</Filter>
    </ClInclude>
    <ClInclude Include="CFileDao.h">
      <Filter>头文件\Dao</Filter>
    </ClInclude>
    <ClInclude Include="CTableLogic.h">
      <Filter>头文件\Logic</Filter>
    </ClInclude>
    <ClInclude Include="MyTreeView.h">
      <Filter>头文件\View</Filter>
    </ClInclude>
    <ClInclude Include="MyListView1.h">
      <Filter>头文件\View</Filter>
    </ClInclude>
  </ItemGroup>
  <ItemGroup>
    <ClCompile Include="MainFrm.cpp">
      <Filter>源文件\View</Filter>
    </ClCompile>
    <ClCompile Include="pch.cpp">
      <Filter>源文件\View</Filter>
    </ClCompile>
    <ClCompile Include="RKDBMS.cpp">
      <Filter>源文件\View</Filter>
    </ClCompile>
    <ClCompile Include="RKDBMSView.cpp">
      <Filter>源文件\View</Filter>
    </ClCompile>
    <ClCompile Include="ViewTree.cpp">
      <Filter>源文件\View</Filter>
    </ClCompile>
    <ClCompile Include="CDBEntity.cpp">
      <Filter>源文件\Entity</Filter>
    </ClCompile>
    <ClCompile Include="CFieldEntity.cpp">
      <Filter>源文件\Entity</Filter>
    </ClCompile>
    <ClCompile Include="CRecordEntity.cpp">
      <Filter>源文件\Entity</Filter>
    </ClCompile>
    <ClCompile Include="CTableEntity.cpp">
      <Filter>源文件\Entity</Filter>
    </ClCompile>
    <ClCompile Include="RKDBMSDoc.cpp">
      <Filter>源文件\Logic</Filter>
    </ClCompile>
    <ClCompile Include="DataType.cpp">
      <Filter>源文件\Util</Filter>
    </ClCompile>
    <ClCompile Include="CDBLogic.cpp">
      <Filter>源文件\Logic</Filter>
    </ClCompile>
    <ClCompile Include="CDBDao.cpp">
      <Filter>源文件\Dao</Filter>
    </ClCompile>
    <ClCompile Include="CFileDao.cpp">
      <Filter>源文件\Dao</Filter>
    </ClCompile>
    <ClCompile Include="CTableLogic.cpp">
      <Filter>源文件\Logic</Filter>
    </ClCompile>
    <ClCompile Include="MyTreeView.cpp">
      <Filter>源文件\View</Filter>
    </ClCompile>
    <ClCompile Include="MyListView1.cpp">
      <Filter>源文件\View</Filter>
    </ClCompile>
  </ItemGroup>
  <ItemGroup>
    <ResourceCompile Include="RKDBMS.rc">
      <Filter>资源文件</Filter>
    </ResourceCompile>
  </ItemGroup>
  <ItemGroup>
    <Image Include="res\file_view.ico">
      <Filter>资源文件</Filter>
    </Image>
    <Image Include="res\file_view_hc.ico">
      <Filter>资源文件</Filter>
    </Image>
    <Image Include="res\class_view.ico">
      <Filter>资源文件</Filter>
    </Image>
    <Image Include="res\class_view_hc.ico">
      <Filter>资源文件</Filter>
    </Image>
    <Image Include="res\fileview.bmp">
      <Filter>资源文件</Filter>
    </Image>
    <Image Include="res\fileview_hc.bmp">
      <Filter>资源文件</Filter>
    </Image>
    <Image Include="res\classview.bmp">
      <Filter>资源文件</Filter>
    </Image>
    <Image Include="res\classview_hc.bmp">
      <Filter>资源文件</Filter>
    </Image>
    <Image Include="res\explorer.bmp">
      <Filter>资源文件</Filter>
    </Image>
    <Image Include="res\explorer_hc.bmp">
      <Filter>资源文件</Filter>
    </Image>
    <Image Include="res\sort.bmp">
      <Filter>资源文件</Filter>
    </Image>
    <Image Include="res\sort_hc.bmp">
      <Filter>资源文件</Filter>
    </Image>
    <Image Include="res\menuimages.bmp">
      <Filter>资源文件</Filter>
    </Image>
    <Image Include="res\menuimages_hc.bmp">
      <Filter>资源文件</Filter>
    </Image>
    <Image Include="res\output_wnd.ico">
      <Filter>资源文件</Filter>
    </Image>
    <Image Include="res\output_wnd_hc.ico">
      <Filter>资源文件</Filter>
    </Image>
    <Image Include="res\properties_wnd.ico">
      <Filter>资源文件</Filter>
    </Image>
    <Image Include="res\properties_wnd_hc.ico">
      <Filter>资源文件</Filter>
    </Image>
    <Image Include="res\properties.bmp">
      <Filter>资源文件</Filter>
    </Image>
    <Image Include="res\properties_hc.bmp">
      <Filter>资源文件</Filter>
    </Image>
    <Image Include="res\userimages.bmp">
      <Filter>资源文件</Filter>
    </Image>
    <Image Include="res\RKDBMSDoc.ico">
      <Filter>资源文件</Filter>
    </Image>
    <Image Include="res\RKDBMS.ico">
      <Filter>资源文件</Filter>
    </Image>
    <Image Include="res\Toolbar.bmp">
      <Filter>资源文件</Filter>
    </Image>
    <Image Include="res\Toolbar256.bmp">
      <Filter>资源文件</Filter>
    </Image>
  </ItemGroup>
  <ItemGroup>
    <None Include="res\RKDBMS.rc2">
      <Filter>资源文件</Filter>
    </None>
  </ItemGroup>
</Project>